
Microsoft Visual Studio Solution File, Format Version 12.00
# Visual Studio Version 17
VisualStudioVersion = 17.5.33502.453
MinimumVisualStudioVersion = 10.0.40219.1
Project("{9A19103F-16F7-4668-BE54-9A1E7A4F7556}") = "Chat.Api", "Chat.Api\Chat.Api.csproj", "{B54B2622-8837-4D7D-AEA0-6129F53A9C04}"
EndProject
Project("{9A19103F-16F7-4668-BE54-9A1E7A4F7556}") = "Chat.Core", "Chat.Domain\Chat.Core.csproj", "{6E418527-0F59-43ED-B417-2F6162AC2E8C}"
EndProject
Project("{9A19103F-16F7-4668-BE54-9A1E7A4F7556}") = "Chat.Data", "Chat.Data\Chat.Data.csproj", "{B9934FFD-F138-41BD-B5E1-0E00AAB16D46}"
EndProject
Global
	GlobalSection(SolutionConfigurationPlatforms) = preSolution
		Debug|Any CPU = Debug|Any CPU
		Release|Any CPU = Release|Any CPU
	EndGlobalSection
	GlobalSection(ProjectConfigurationPlatforms) = postSolution
		{B54B2622-8837-4D7D-AEA0-6129F53A9C04}.Debug|Any CPU.ActiveCfg = Debug|Any CPU
		{B54B2622-8837-4D7D-AEA0-6129F53A9C04}.Debug|Any CPU.Build.0 = Debug|Any CPU
		{B54B2622-8837-4D7D-AEA0-6129F53A9C04}.Release|Any CPU.ActiveCfg = Release|Any CPU
		{B54B2622-8837-4D7D-AEA0-6129F53A9C04}.Release|Any CPU.Build.0 = Release|Any CPU
		{6E418527-0F59-43ED-B417-2F6162AC2E8C}.Debug|Any CPU.ActiveCfg = Debug|Any CPU
		{6E418527-0F59-43ED-B417-2F6162AC2E8C}.Debug|Any CPU.Build.0 = Debug|Any CPU
		{6E418527-0F59-43ED-B417-2F6162AC2E8C}.Release|Any CPU.ActiveCfg = Release|Any CPU
		{6E418527-0F59-43ED-B417-2F6162AC2E8C}.Release|Any CPU.Build.0 = Release|Any CPU
		{B9934FFD-F138-41BD-B5E1-0E00AAB16D46}.Debug|Any CPU.ActiveCfg = Debug|Any CPU
		{B9934FFD-F138-41BD-B5E1-0E00AAB16D46}.Debug|Any CPU.Build.0 = Debug|Any CPU
		{B9934FFD-F138-41BD-B5E1-0E00AAB16D46}.Release|Any CPU.ActiveCfg = Release|Any CPU
		{B9934FFD-F138-41BD-B5E1-0E00AAB16D46}.Release|Any CPU.Build.0 = Release|Any CPU
	EndGlobalSection
	GlobalSection(SolutionProperties) = preSolution
		HideSolutionNode = FALSE
	EndGlobalSection
	GlobalSection(ExtensibilityGlobals) = postSolution
		SolutionGuid = {34B6490D-7D39-47E2-836D-9D178CEDBC78}
	EndGlobalSection
EndGlobal
